// !$*UTF8*$!
{
	archiveVersion = 1;
	classes = {
	};
	objectVersion = 46;
	objects = {

/* Begin PBXBuildFile section */
		8A3A10771F44FBBF0063CEA8 /* AppDelegate.swift in Sources */ = {isa = PBXBuildFile; fileRef = 8A3A10761F44FBBF0063CEA8 /* AppDelegate.swift */; };
		8A3A107C1F44FBBF0063CEA8 /* Main.storyboard in Resources */ = {isa = PBXBuildFile; fileRef = 8A3A107A1F44FBBF0063CEA8 /* Main.storyboard */; };
		8A3A107E1F44FBBF0063CEA8 /* Assets.xcassets in Resources */ = {isa = PBXBuildFile; fileRef = 8A3A107D1F44FBBF0063CEA8 /* Assets.xcassets */; };
		8A3A10811F44FBBF0063CEA8 /* LaunchScreen.storyboard in Resources */ = {isa = PBXBuildFile; fileRef = 8A3A107F1F44FBBF0063CEA8 /* LaunchScreen.storyboard */; };
		8A3A108C1F44FBBF0063CEA8 /* SquarePassionProjectTests.swift in Sources */ = {isa = PBXBuildFile; fileRef = 8A3A108B1F44FBBF0063CEA8 /* SquarePassionProjectTests.swift */; };
		8A3A10971F44FBBF0063CEA8 /* SquarePassionProjectUITests.swift in Sources */ = {isa = PBXBuildFile; fileRef = 8A3A10961F44FBBF0063CEA8 /* SquarePassionProjectUITests.swift */; };
		8A3A10A51F44FBEB0063CEA8 /* WelcomeViewController.swift in Sources */ = {isa = PBXBuildFile; fileRef = 8A3A10A41F44FBEB0063CEA8 /* WelcomeViewController.swift */; };
		8A3A10A71F44FC070063CEA8 /* LoginViewController.swift in Sources */ = {isa = PBXBuildFile; fileRef = 8A3A10A61F44FC070063CEA8 /* LoginViewController.swift */; };
		8A3A10AA1F44FEED0063CEA8 /* SignupViewController.swift in Sources */ = {isa = PBXBuildFile; fileRef = 8A3A10A91F44FEED0063CEA8 /* SignupViewController.swift */; };
		8A3A10AC1F4505240063CEA8 /* VerifyViewController.swift in Sources */ = {isa = PBXBuildFile; fileRef = 8A3A10AB1F4505240063CEA8 /* VerifyViewController.swift */; };
		8A3A10AE1F4509790063CEA8 /* MainViewController.swift in Sources */ = {isa = PBXBuildFile; fileRef = 8A3A10AD1F4509790063CEA8 /* MainViewController.swift */; };
		8A3A10B01F4509B90063CEA8 /* ContinueSignUpViewController.swift in Sources */ = {isa = PBXBuildFile; fileRef = 8A3A10AF1F4509B90063CEA8 /* ContinueSignUpViewController.swift */; };
		8A3A10B21F450A4B0063CEA8 /* ApplyViewController.swift in Sources */ = {isa = PBXBuildFile; fileRef = 8A3A10B11F450A4B0063CEA8 /* ApplyViewController.swift */; };
		8A3A10B41F450A550063CEA8 /* ViewResultsViewController.swift in Sources */ = {isa = PBXBuildFile; fileRef = 8A3A10B31F450A550063CEA8 /* ViewResultsViewController.swift */; };
/* End PBXBuildFile section */

/* Begin PBXContainerItemProxy section */
		8A3A10881F44FBBF0063CEA8 /* PBXContainerItemProxy */ = {
			isa = PBXContainerItemProxy;
			containerPortal = 8A3A106B1F44FBBF0063CEA8 /* Project object */;
			proxyType = 1;
			remoteGlobalIDString = 8A3A10721F44FBBF0063CEA8;
			remoteInfo = SquarePassionProject;
		};
		8A3A10931F44FBBF0063CEA8 /* PBXContainerItemProxy */ = {
			isa = PBXContainerItemProxy;
			containerPortal = 8A3A106B1F44FBBF0063CEA8 /* Project object */;
			proxyType = 1;
			remoteGlobalIDString = 8A3A10721F44FBBF0063CEA8;
			remoteInfo = SquarePassionProject;
		};
/* End PBXContainerItemProxy section */

/* Begin PBXFileReference section */
		8A3A10731F44FBBF0063CEA8 /* SquarePassionProject.app */ = {isa = PBXFileReference; explicitFileType = wrapper.application; includeInIndex = 0; path = SquarePassionProject.app; sourceTree = BUILT_PRODUCTS_DIR; };
		8A3A10761F44FBBF0063CEA8 /* AppDelegate.swift */ = {isa = PBXFileReference; lastKnownFileType = sourcecode.swift; path = AppDelegate.swift; sourceTree = "<group>"; };
		8A3A107B1F44FBBF0063CEA8 /* Base */ = {isa = PBXFileReference; lastKnownFileType = file.storyboard; name = Base; path = Base.lproj/Main.storyboard; sourceTree = "<group>"; };
		8A3A107D1F44FBBF0063CEA8 /* Assets.xcassets */ = {isa = PBXFileReference; lastKnownFileType = folder.assetcatalog; path = Assets.xcassets; sourceTree = "<group>"; };
		8A3A10801F44FBBF0063CEA8 /* Base */ = {isa = PBXFileReference; lastKnownFileType = file.storyboard; name = Base; path = Base.lproj/LaunchScreen.storyboard; sourceTree = "<group>"; };
		8A3A10821F44FBBF0063CEA8 /* Info.plist */ = {isa = PBXFileReference; lastKnownFileType = text.plist.xml; path = Info.plist; sourceTree = "<group>"; };
		8A3A10871F44FBBF0063CEA8 /* SquarePassionProjectTests.xctest */ = {isa = PBXFileReference; explicitFileType = wrapper.cfbundle; includeInIndex = 0; path = SquarePassionProjectTests.xctest; sourceTree = BUILT_PRODUCTS_DIR; };
		8A3A108B1F44FBBF0063CEA8 /* SquarePassionProjectTests.swift */ = {isa = PBXFileReference; lastKnownFileType = sourcecode.swift; path = SquarePassionProjectTests.swift; sourceTree = "<group>"; };
		8A3A108D1F44FBBF0063CEA8 /* Info.plist */ = {isa = PBXFileReference; lastKnownFileType = text.plist.xml; path = Info.plist; sourceTree = "<group>"; };
		8A3A10921F44FBBF0063CEA8 /* SquarePassionProjectUITests.xctest */ = {isa = PBXFileReference; explicitFileType = wrapper.cfbundle; includeInIndex = 0; path = SquarePassionProjectUITests.xctest; sourceTree = BUILT_PRODUCTS_DIR; };
		8A3A10961F44FBBF0063CEA8 /* SquarePassionProjectUITests.swift */ = {isa = PBXFileReference; lastKnownFileType = sourcecode.swift; path = SquarePassionProjectUITests.swift; sourceTree = "<group>"; };
		8A3A10981F44FBBF0063CEA8 /* Info.plist */ = {isa = PBXFileReference; lastKnownFileType = text.plist.xml; path = Info.plist; sourceTree = "<group>"; };
		8A3A10A41F44FBEB0063CEA8 /* WelcomeViewController.swift */ = {isa = PBXFileReference; fileEncoding = 4; lastKnownFileType = sourcecode.swift; name = WelcomeViewController.swift; path = ../WelcomeViewController.swift; sourceTree = "<group>"; };
		8A3A10A61F44FC070063CEA8 /* LoginViewController.swift */ = {isa = PBXFileReference; fileEncoding = 4; lastKnownFileType = sourcecode.swift; path = LoginViewController.swift; sourceTree = "<group>"; };
		8A3A10A91F44FEED0063CEA8 /* SignupViewController.swift */ = {isa = PBXFileReference; fileEncoding = 4; lastKnownFileType = sourcecode.swift; path = SignupViewController.swift; sourceTree = "<group>"; };
		8A3A10AB1F4505240063CEA8 /* VerifyViewController.swift */ = {isa = PBXFileReference; fileEncoding = 4; lastKnownFileType = sourcecode.swift; path = VerifyViewController.swift; sourceTree = "<group>"; };
		8A3A10AD1F4509790063CEA8 /* MainViewController.swift */ = {isa = PBXFileReference; fileEncoding = 4; lastKnownFileType = sourcecode.swift; path = MainViewController.swift; sourceTree = "<group>"; };
		8A3A10AF1F4509B90063CEA8 /* ContinueSignUpViewController.swift */ = {isa = PBXFileReference; fileEncoding = 4; lastKnownFileType = sourcecode.swift; path = ContinueSignUpViewController.swift; sourceTree = "<group>"; };
		8A3A10B11F450A4B0063CEA8 /* ApplyViewController.swift */ = {isa = PBXFileReference; fileEncoding = 4; lastKnownFileType = sourcecode.swift; path = ApplyViewController.swift; sourceTree = "<group>"; };
		8A3A10B31F450A550063CEA8 /* ViewResultsViewController.swift */ = {isa = PBXFileReference; fileEncoding = 4; lastKnownFileType = sourcecode.swift; path = ViewResultsViewController.swift; sourceTree = "<group>"; };
/* End PBXFileReference section */

/* Begin PBXFrameworksBuildPhase section */
		8A3A10701F44FBBF0063CEA8 /* Frameworks */ = {
			isa = PBXFrameworksBuildPhase;
			buildActionMask = 2147483647;
			files = (
			);
			runOnlyForDeploymentPostprocessing = 0;
		};
		8A3A10841F44FBBF0063CEA8 /* Frameworks */ = {
			isa = PBXFrameworksBuildPhase;
			buildActionMask = 2147483647;
			files = (
			);
			runOnlyForDeploymentPostprocessing = 0;
		};
		8A3A108F1F44FBBF0063CEA8 /* Frameworks */ = {
			isa = PBXFrameworksBuildPhase;
			buildActionMask = 2147483647;
			files = (
			);
			runOnlyForDeploymentPostprocessing = 0;
		};
/* End PBXFrameworksBuildPhase section */

/* Begin PBXGroup section */
		8A3A106A1F44FBBF0063CEA8 = {
			isa = PBXGroup;
			children = (
				8A3A10751F44FBBF0063CEA8 /* SquarePassionProject */,
				8A3A108A1F44FBBF0063CEA8 /* SquarePassionProjectTests */,
				8A3A10951F44FBBF0063CEA8 /* SquarePassionProjectUITests */,
				8A3A10741F44FBBF0063CEA8 /* Products */,
			);
			sourceTree = "<group>";
		};
		8A3A10741F44FBBF0063CEA8 /* Products */ = {
			isa = PBXGroup;
			children = (
				8A3A10731F44FBBF0063CEA8 /* SquarePassionProject.app */,
				8A3A10871F44FBBF0063CEA8 /* SquarePassionProjectTests.xctest */,
				8A3A10921F44FBBF0063CEA8 /* SquarePassionProjectUITests.xctest */,
			);
			name = Products;
			sourceTree = "<group>";
		};
		8A3A10751F44FBBF0063CEA8 /* SquarePassionProject */ = {
			isa = PBXGroup;
			children = (
				8A3A10A81F44FC120063CEA8 /* ViewControllers */,
				8A3A10761F44FBBF0063CEA8 /* AppDelegate.swift */,
				8A3A107A1F44FBBF0063CEA8 /* Main.storyboard */,
				8A3A107D1F44FBBF0063CEA8 /* Assets.xcassets */,
				8A3A107F1F44FBBF0063CEA8 /* LaunchScreen.storyboard */,
				8A3A10821F44FBBF0063CEA8 /* Info.plist */,
			);
			path = SquarePassionProject;
			sourceTree = "<group>";
		};
		8A3A108A1F44FBBF0063CEA8 /* SquarePassionProjectTests */ = {
			isa = PBXGroup;
			children = (
				8A3A108B1F44FBBF0063CEA8 /* SquarePassionProjectTests.swift */,
				8A3A108D1F44FBBF0063CEA8 /* Info.plist */,
			);
			path = SquarePassionProjectTests;
			sourceTree = "<group>";
		};
		8A3A10951F44FBBF0063CEA8 /* SquarePassionProjectUITests */ = {
			isa = PBXGroup;
			children = (
				8A3A10961F44FBBF0063CEA8 /* SquarePassionProjectUITests.swift */,
				8A3A10981F44FBBF0063CEA8 /* Info.plist */,
			);
			path = SquarePassionProjectUITests;
			sourceTree = "<group>";
		};
		8A3A10A81F44FC120063CEA8 /* ViewControllers */ = {
			isa = PBXGroup;
			children = (
				8A3A10A41F44FBEB0063CEA8 /* WelcomeViewController.swift */,
				8A3A10A61F44FC070063CEA8 /* LoginViewController.swift */,
				8A3A10A91F44FEED0063CEA8 /* SignupViewController.swift */,
				8A3A10AB1F4505240063CEA8 /* VerifyViewController.swift */,
				8A3A10AD1F4509790063CEA8 /* MainViewController.swift */,
				8A3A10AF1F4509B90063CEA8 /* ContinueSignUpViewController.swift */,
				8A3A10B11F450A4B0063CEA8 /* ApplyViewController.swift */,
				8A3A10B31F450A550063CEA8 /* ViewResultsViewController.swift */,
			);
			name = ViewControllers;
			sourceTree = "<group>";
		};
/* End PBXGroup section */

/* Begin PBXNativeTarget section */
		8A3A10721F44FBBF0063CEA8 /* SquarePassionProject */ = {
			isa = PBXNativeTarget;
			buildConfigurationList = 8A3A109B1F44FBBF0063CEA8 /* Build configuration list for PBXNativeTarget "SquarePassionProject" */;
			buildPhases = (
				8A3A106F1F44FBBF0063CEA8 /* Sources */,
				8A3A10701F44FBBF0063CEA8 /* Frameworks */,
				8A3A10711F44FBBF0063CEA8 /* Resources */,
			);
			buildRules = (
			);
			dependencies = (
			);
			name = SquarePassionProject;
			productName = SquarePassionProject;
			productReference = 8A3A10731F44FBBF0063CEA8 /* SquarePassionProject.app */;
			productType = "com.apple.product-type.application";
		};
		8A3A10861F44FBBF0063CEA8 /* SquarePassionProjectTests */ = {
			isa = PBXNativeTarget;
			buildConfigurationList = 8A3A109E1F44FBBF0063CEA8 /* Build configuration list for PBXNativeTarget "SquarePassionProjectTests" */;
			buildPhases = (
				8A3A10831F44FBBF0063CEA8 /* Sources */,
				8A3A10841F44FBBF0063CEA8 /* Frameworks */,
				8A3A10851F44FBBF0063CEA8 /* Resources */,
			);
			buildRules = (
			);
			dependencies = (
				8A3A10891F44FBBF0063CEA8 /* PBXTargetDependency */,
			);
			name = SquarePassionProjectTests;
			productName = SquarePassionProjectTests;
			productReference = 8A3A10871F44FBBF0063CEA8 /* SquarePassionProjectTests.xctest */;
			productType = "com.apple.product-type.bundle.unit-test";
		};
		8A3A10911F44FBBF0063CEA8 /* SquarePassionProjectUITests */ = {
			isa = PBXNativeTarget;
			buildConfigurationList = 8A3A10A11F44FBBF0063CEA8 /* Build configuration list for PBXNativeTarget "SquarePassionProjectUITests" */;
			buildPhases = (
				8A3A108E1F44FBBF0063CEA8 /* Sources */,
				8A3A108F1F44FBBF0063CEA8 /* Frameworks */,
				8A3A10901F44FBBF0063CEA8 /* Resources */,
			);
			buildRules = (
			);
			dependencies = (
				8A3A10941F44FBBF0063CEA8 /* PBXTargetDependency */,
			);
			name = SquarePassionProjectUITests;
			productName = SquarePassionProjectUITests;
			productReference = 8A3A10921F44FBBF0063CEA8 /* SquarePassionProjectUITests.xctest */;
			productType = "com.apple.product-type.bundle.ui-testing";
		};
/* End PBXNativeTarget section */

/* Begin PBXProject section */
		8A3A106B1F44FBBF0063CEA8 /* Project object */ = {
			isa = PBXProject;
			attributes = {
				LastSwiftUpdateCheck = 0820;
				LastUpgradeCheck = 0820;
				ORGANIZATIONNAME = "Kelly Lampotang";
				TargetAttributes = {
					8A3A10721F44FBBF0063CEA8 = {
						CreatedOnToolsVersion = 8.2.1;
						DevelopmentTeam = 395T96A86H;
						ProvisioningStyle = Automatic;
					};
					8A3A10861F44FBBF0063CEA8 = {
						CreatedOnToolsVersion = 8.2.1;
						DevelopmentTeam = 395T96A86H;
						ProvisioningStyle = Automatic;
						TestTargetID = 8A3A10721F44FBBF0063CEA8;
					};
					8A3A10911F44FBBF0063CEA8 = {
						CreatedOnToolsVersion = 8.2.1;
						DevelopmentTeam = 395T96A86H;
						ProvisioningStyle = Automatic;
						TestTargetID = 8A3A10721F44FBBF0063CEA8;
					};
				};
			};
			buildConfigurationList = 8A3A106E1F44FBBF0063CEA8 /* Build configuration list for PBXProject "SquarePassionProject" */;
			compatibilityVersion = "Xcode 3.2";
			developmentRegion = English;
			hasScannedForEncodings = 0;
			knownRegions = (
				en,
				Base,
			);
			mainGroup = 8A3A106A1F44FBBF0063CEA8;
			productRefGroup = 8A3A10741F44FBBF0063CEA8 /* Products */;
			projectDirPath = "";
			projectRoot = "";
			targets = (
				8A3A10721F44FBBF0063CEA8 /* SquarePassionProject */,
				8A3A10861F44FBBF0063CEA8 /* SquarePassionProjectTests */,
				8A3A10911F44FBBF0063CEA8 /* SquarePassionProjectUITests */,
			);
		};
/* End PBXProject section */

/* Begin PBXResourcesBuildPhase section */
		8A3A10711F44FBBF0063CEA8 /* Resources */ = {
			isa = PBXResourcesBuildPhase;
			buildActionMask = 2147483647;
			files = (
				8A3A10811F44FBBF0063CEA8 /* LaunchScreen.storyboard in Resources */,
				8A3A107E1F44FBBF0063CEA8 /* Assets.xcassets in Resources */,
				8A3A107C1F44FBBF0063CEA8 /* Main.storyboard in Resources */,
			);
			runOnlyForDeploymentPostprocessing = 0;
		};
		8A3A10851F44FBBF0063CEA8 /* Resources */ = {
			isa = PBXResourcesBuildPhase;
			buildActionMask = 2147483647;
			files = (
			);
			runOnlyForDeploymentPostprocessing = 0;
		};
		8A3A10901F44FBBF0063CEA8 /* Resources */ = {
			isa = PBXResourcesBuildPhase;
			buildActionMask = 2147483647;
			files = (
			);
			runOnlyForDeploymentPostprocessing = 0;
		};
/* End PBXResourcesBuildPhase section */

/* Begin PBXSourcesBuildPhase section */
		8A3A106F1F44FBBF0063CEA8 /* Sources */ = {
			isa = PBXSourcesBuildPhase;
			buildActionMask = 2147483647;
			files = (
				8A3A10A71F44FC070063CEA8 /* LoginViewController.swift in Sources */,
				8A3A10B21F450A4B0063CEA8 /* ApplyViewController.swift in Sources */,
				8A3A10771F44FBBF0063CEA8 /* AppDelegate.swift in Sources */,
				8A3A10B01F4509B90063CEA8 /* ContinueSignUpViewController.swift in Sources */,
				8A3A10AA1F44FEED0063CEA8 /* SignupViewController.swift in Sources */,
				8A3A10AE1F4509790063CEA8 /* MainViewController.swift in Sources */,
				8A3A10AC1F4505240063CEA8 /* VerifyViewController.swift in Sources */,
				8A3A10A51F44FBEB0063CEA8 /* WelcomeViewController.swift in Sources */,
				8A3A10B41F450A550063CEA8 /* ViewResultsViewController.swift in Sources */,
			);
			runOnlyForDeploymentPostprocessing = 0;
		};
		8A3A10831F44FBBF0063CEA8 /* Sources */ = {
			isa = PBXSourcesBuildPhase;
			buildActionMask = 2147483647;
			files = (
				8A3A108C1F44FBBF0063CEA8 /* SquarePassionProjectTests.swift in Sources */,
			);
			runOnlyForDeploymentPostprocessing = 0;
		};
		8A3A108E1F44FBBF0063CEA8 /* Sources */ = {
			isa = PBXSourcesBuildPhase;
			buildActionMask = 2147483647;
			files = (
				8A3A10971F44FBBF0063CEA8 /* SquarePassionProjectUITests.swift in Sources */,
			);
			runOnlyForDeploymentPostprocessing = 0;
		};
/* End PBXSourcesBuildPhase section */

/* Begin PBXTargetDependency section */
		8A3A10891F44FBBF0063CEA8 /* PBXTargetDependency */ = {
			isa = PBXTargetDependency;
			target = 8A3A10721F44FBBF0063CEA8 /* SquarePassionProject */;
			targetProxy = 8A3A10881F44FBBF0063CEA8 /* PBXContainerItemProxy */;
		};
		8A3A10941F44FBBF0063CEA8 /* PBXTargetDependency */ = {
			isa = PBXTargetDependency;
			target = 8A3A10721F44FBBF0063CEA8 /* SquarePassionProject */;
			targetProxy = 8A3A10931F44FBBF0063CEA8 /* PBXContainerItemProxy */;
		};
/* End PBXTargetDependency section */

/* Begin PBXVariantGroup section */
		8A3A107A1F44FBBF0063CEA8 /* Main.storyboard */ = {
			isa = PBXVariantGroup;
			children = (
				8A3A107B1F44FBBF0063CEA8 /* Base */,
			);
			name = Main.storyboard;
			sourceTree = "<group>";
		};
		8A3A107F1F44FBBF0063CEA8 /* LaunchScreen.storyboard */ = {
			isa = PBXVariantGroup;
			children = (
				8A3A10801F44FBBF0063CEA8 /* Base */,
			);
			name = LaunchScreen.storyboard;
			sourceTree = "<group>";
		};
/* End PBXVariantGroup section */

/* Begin XCBuildConfiguration section */
		8A3A10991F44FBBF0063CEA8 /* Debug */ = {
			isa = XCBuildConfiguration;
			buildSettings = {
				ALWAYS_SEARCH_USER_PATHS = NO;
				CLANG_ANALYZER_NONNULL = YES;
				CLANG_CXX_LANGUAGE_STANDARD = "gnu++0x";
				CLANG_CXX_LIBRARY = "libc++";
				CLANG_ENABLE_MODULES = YES;
				CLANG_ENABLE_OBJC_ARC = YES;
				CLANG_WARN_BOOL_CONVERSION = YES;
				CLANG_WARN_CONSTANT_CONVERSION = YES;
				CLANG_WARN_DIRECT_OBJC_ISA_USAGE = YES_ERROR;
				CLANG_WARN_DOCUMENTATION_COMMENTS = YES;
				CLANG_WARN_EMPTY_BODY = YES;
				CLANG_WARN_ENUM_CONVERSION = YES;
				CLANG_WARN_INFINITE_RECURSION = YES;
				CLANG_WARN_INT_CONVERSION = YES;
				CLANG_WARN_OBJC_ROOT_CLASS = YES_ERROR;
				CLANG_WARN_SUSPICIOUS_MOVE = YES;
				CLANG_WARN_UNREACHABLE_CODE = YES;
				CLANG_WARN__DUPLICATE_METHOD_MATCH = YES;
				"CODE_SIGN_IDENTITY[sdk=iphoneos*]" = "iPhone Developer";
				COPY_PHASE_STRIP = NO;
				DEBUG_INFORMATION_FORMAT = dwarf;
				ENABLE_STRICT_OBJC_MSGSEND = YES;
				ENABLE_TESTABILITY = YES;
				GCC_C_LANGUAGE_STANDARD = gnu99;
				GCC_DYNAMIC_NO_PIC = NO;
				GCC_NO_COMMON_BLOCKS = YES;
				GCC_OPTIMIZATION_LEVEL = 0;
				GCC_PREPROCESSOR_DEFINITIONS = (
					"DEBUG=1",
					"$(inherited)",
				);
				GCC_WARN_64_TO_32_BIT_CONVERSION = YES;
				GCC_WARN_ABOUT_RETURN_TYPE = YES_ERROR;
				GCC_WARN_UNDECLARED_SELECTOR = YES;
				GCC_WARN_UNINITIALIZED_AUTOS = YES_AGGRESSIVE;
				GCC_WARN_UNUSED_FUNCTION = YES;
				GCC_WARN_UNUSED_VARIABLE = YES;
				IPHONEOS_DEPLOYMENT_TARGET = 10.2;
				MTL_ENABLE_DEBUG_INFO = YES;
				ONLY_ACTIVE_ARCH = YES;
				SDKROOT = iphoneos;
				SWIFT_ACTIVE_COMPILATION_CONDITIONS = DEBUG;
				SWIFT_OPTIMIZATION_LEVEL = "-Onone";
				TARGETED_DEVICE_FAMILY = "1,2";
			};
			name = Debug;
		};
		8A3A109A1F44FBBF0063CEA8 /* Release */ = {
			isa = XCBuildConfiguration;
			buildSettings = {
				ALWAYS_SEARCH_USER_PATHS = NO;
				CLANG_ANALYZER_NONNULL = YES;
				CLANG_CXX_LANGUAGE_STANDARD = "gnu++0x";
				CLANG_CXX_LIBRARY = "libc++";
				CLANG_ENABLE_MODULES = YES;
				CLANG_ENABLE_OBJC_ARC = YES;
				CLANG_WARN_BOOL_CONVERSION = YES;
				CLANG_WARN_CONSTANT_CONVERSION = YES;
				CLANG_WARN_DIRECT_OBJC_ISA_USAGE = YES_ERROR;
				CLANG_WARN_DOCUMENTATION_COMMENTS = YES;
				CLANG_WARN_EMPTY_BODY = YES;
				CLANG_WARN_ENUM_CONVERSION = YES;
				CLANG_WARN_INFINITE_RECURSION = YES;
				CLANG_WARN_INT_CONVERSION = YES;
				CLANG_WARN_OBJC_ROOT_CLASS = YES_ERROR;
				CLANG_WARN_SUSPICIOUS_MOVE = YES;
				CLANG_WARN_UNREACHABLE_CODE = YES;
				CLANG_WARN__DUPLICATE_METHOD_MATCH = YES;
				"CODE_SIGN_IDENTITY[sdk=iphoneos*]" = "iPhone Developer";
				COPY_PHASE_STRIP = NO;
				DEBUG_INFORMATION_FORMAT = "dwarf-with-dsym";
				ENABLE_NS_ASSERTIONS = NO;
				ENABLE_STRICT_OBJC_MSGSEND = YES;
				GCC_C_LANGUAGE_STANDARD = gnu99;
				GCC_NO_COMMON_BLOCKS = YES;
				GCC_WARN_64_TO_32_BIT_CONVERSION = YES;
				GCC_WARN_ABOUT_RETURN_TYPE = YES_ERROR;
				GCC_WARN_UNDECLARED_SELECTOR = YES;
				GCC_WARN_UNINITIALIZED_AUTOS = YES_AGGRESSIVE;
				GCC_WARN_UNUSED_FUNCTION = YES;
				GCC_WARN_UNUSED_VARIABLE = YES;
				IPHONEOS_DEPLOYMENT_TARGET = 10.2;
				MTL_ENABLE_DEBUG_INFO = NO;
				SDKROOT = iphoneos;
				SWIFT_OPTIMIZATION_LEVEL = "-Owholemodule";
				TARGETED_DEVICE_FAMILY = "1,2";
				VALIDATE_PRODUCT = YES;
			};
			name = Release;
		};
		8A3A109C1F44FBBF0063CEA8 /* Debug */ = {
			isa = XCBuildConfiguration;
			buildSettings = {
				ASSETCATALOG_COMPILER_APPICON_NAME = AppIcon;
				DEVELOPMENT_TEAM = 395T96A86H;
				INFOPLIST_FILE = SquarePassionProject/Info.plist;
				LD_RUNPATH_SEARCH_PATHS = "$(inherited) @executable_path/Frameworks";
				PRODUCT_BUNDLE_IDENTIFIER = Kelly.SquarePassionProject;
				PRODUCT_NAME = "$(TARGET_NAME)";
				SWIFT_VERSION = 3.0;
			};
			name = Debug;
		};
		8A3A109D1F44FBBF0063CEA8 /* Release */ = {
			isa = XCBuildConfiguration;
			buildSettings = {
				ASSETCATALOG_COMPILER_APPICON_NAME = AppIcon;
				DEVELOPMENT_TEAM = 395T96A86H;
				INFOPLIST_FILE = SquarePassionProject/Info.plist;
				LD_RUNPATH_SEARCH_PATHS = "$(inherited) @executable_path/Frameworks";
				PRODUCT_BUNDLE_IDENTIFIER = Kelly.SquarePassionProject;
				PRODUCT_NAME = "$(TARGET_NAME)";
				SWIFT_VERSION = 3.0;
			};
			name = Release;
		};
		8A3A109F1F44FBBF0063CEA8 /* Debug */ = {
			isa = XCBuildConfiguration;
			buildSettings = {
				ALWAYS_EMBED_SWIFT_STANDARD_LIBRARIES = YES;
				BUNDLE_LOADER = "$(TEST_HOST)";
				DEVELOPMENT_TEAM = 395T96A86H;
				INFOPLIST_FILE = SquarePassionProjectTests/Info.plist;
				LD_RUNPATH_SEARCH_PATHS = "$(inherited) @executable_path/Frameworks @loader_path/Frameworks";
				PRODUCT_BUNDLE_IDENTIFIER = Kelly.SquarePassionProjectTests;
				PRODUCT_NAME = "$(TARGET_NAME)";
				SWIFT_VERSION = 3.0;
				TEST_HOST = "$(BUILT_PRODUCTS_DIR)/SquarePassionProject.app/SquarePassionProject";
			};
			name = Debug;
		};
		8A3A10A01F44FBBF0063CEA8 /* Release */ = {
			isa = XCBuildConfiguration;
			buildSettings = {
				ALWAYS_EMBED_SWIFT_STANDARD_LIBRARIES = YES;
				BUNDLE_LOADER = "$(TEST_HOST)";
				DEVELOPMENT_TEAM = 395T96A86H;
				INFOPLIST_FILE = SquarePassionProjectTests/Info.plist;
				LD_RUNPATH_SEARCH_PATHS = "$(inherited) @executable_path/Frameworks @loader_path/Frameworks";
				PRODUCT_BUNDLE_IDENTIFIER = Kelly.SquarePassionProjectTests;
				PRODUCT_NAME = "$(TARGET_NAME)";
				SWIFT_VERSION = 3.0;
				TEST_HOST = "$(BUILT_PRODUCTS_DIR)/SquarePassionProject.app/SquarePassionProject";
			};
			name = Release;
		};
		8A3A10A21F44FBBF0063CEA8 /* Debug */ = {
			isa = XCBuildConfiguration;
			buildSettings = {
				ALWAYS_EMBED_SWIFT_STANDARD_LIBRARIES = YES;
				DEVELOPMENT_TEAM = 395T96A86H;
				INFOPLIST_FILE = SquarePassionProjectUITests/Info.plist;
				LD_RUNPATH_SEARCH_PATHS = "$(inherited) @executable_path/Frameworks @loader_path/Frameworks";
				PRODUCT_BUNDLE_IDENTIFIER = Kelly.SquarePassionProjectUITests;
				PRODUCT_NAME = "$(TARGET_NAME)";
				SWIFT_VERSION = 3.0;
				TEST_TARGET_NAME = SquarePassionProject;
			};
			name = Debug;
		};
		8A3A10A31F44FBBF0063CEA8 /* Release */ = {
			isa = XCBuildConfiguration;
			buildSettings = {
				ALWAYS_EMBED_SWIFT_STANDARD_LIBRARIES = YES;
				DEVELOPMENT_TEAM = 395T96A86H;
				INFOPLIST_FILE = SquarePassionProjectUITests/Info.plist;
				LD_RUNPATH_SEARCH_PATHS = "$(inherited) @executable_path/Frameworks @loader_path/Frameworks";
				PRODUCT_BUNDLE_IDENTIFIER = Kelly.SquarePassionProjectUITests;
				PRODUCT_NAME = "$(TARGET_NAME)";
				SWIFT_VERSION = 3.0;
				TEST_TARGET_NAME = SquarePassionProject;
			};
			name = Release;
		};
/* End XCBuildConfiguration section */

/* Begin XCConfigurationList section */
		8A3A106E1F44FBBF0063CEA8 /* Build configuration list for PBXProject "SquarePassionProject" */ = {
			isa = XCConfigurationList;
			buildConfigurations = (
				8A3A10991F44FBBF0063CEA8 /* Debug */,
				8A3A109A1F44FBBF0063CEA8 /* Release */,
			);
			defaultConfigurationIsVisible = 0;
			defaultConfigurationName = Release;
		};
		8A3A109B1F44FBBF0063CEA8 /* Build configuration list for PBXNativeTarget "SquarePassionProject" */ = {
			isa = XCConfigurationList;
			buildConfigurations = (
				8A3A109C1F44FBBF0063CEA8 /* Debug */,
				8A3A109D1F44FBBF0063CEA8 /* Release */,
			);
			defaultConfigurationIsVisible = 0;
		};
		8A3A109E1F44FBBF0063CEA8 /* Build configuration list for PBXNativeTarget "SquarePassionProjectTests" */ = {
			isa = XCConfigurationList;
			buildConfigurations = (
				8A3A109F1F44FBBF0063CEA8 /* Debug */,
				8A3A10A01F44FBBF0063CEA8 /* Release */,
			);
			defaultConfigurationIsVisible = 0;
		};
		8A3A10A11F44FBBF0063CEA8 /* Build configuration list for PBXNativeTarget "SquarePassionProjectUITests" */ = {
			isa = XCConfigurationList;
			buildConfigurations = (
				8A3A10A21F44FBBF0063CEA8 /* Debug */,
				8A3A10A31F44FBBF0063CEA8 /* Release */,
			);
			defaultConfigurationIsVisible = 0;
		};
/* End XCConfigurationList section */
	};
	rootObject = 8A3A106B1F44FBBF0063CEA8 /* Project object */;
}
